
Microsoft Visual Studio Solution File, Format Version 11.00
# Visual Studio 2010
Project("{8BC9CEB8-8B4A-11D0-8D11-00A0C91BC942}") = "TwiceClient", "TwiceClient\TwiceClient.vcxproj", "{F9442C89-EE21-441A-A2A7-9EEFDE5AB62B}"
EndProject
Project("{8BC9CEB8-8B4A-11D0-8D11-00A0C91BC942}") = "ClientDll", "ClientDll\ClientDll.vcxproj", "{B2232591-3D89-47F2-878E-831695788D2E}"
EndProject
Global
	GlobalSection(SolutionConfigurationPlatforms) = preSolution
		Debug|Win32 = Debug|Win32
		Release|Win32 = Release|Win32
	EndGlobalSection
	GlobalSection(ProjectConfigurationPlatforms) = postSolution
		{F9442C89-EE21-441A-A2A7-9EEFDE5AB62B}.Debug|Win32.ActiveCfg = Debug|Win32
		{F9442C89-EE21-441A-A2A7-9EEFDE5AB62B}.Debug|Win32.Build.0 = Debug|Win32
		{F9442C89-EE21-441A-A2A7-9EEFDE5AB62B}.Release|Win32.ActiveCfg = Release|Win32
		{F9442C89-EE21-441A-A2A7-9EEFDE5AB62B}.Release|Win32.Build.0 = Release|Win32
		{B2232591-3D89-47F2-878E-831695788D2E}.Debug|Win32.ActiveCfg = Debug|Win32
		{B2232591-3D89-47F2-878E-831695788D2E}.Debug|Win32.Build.0 = Debug|Win32
		{B2232591-3D89-47F2-878E-831695788D2E}.Release|Win32.ActiveCfg = Release|Win32
		{B2232591-3D89-47F2-878E-831695788D2E}.Release|Win32.Build.0 = Release|Win32
	EndGlobalSection
	GlobalSection(SolutionProperties) = preSolution
		HideSolutionNode = FALSE
	EndGlobalSection
EndGlobal
